
Microsoft Visual Studio Solution File, Format Version 12.00
# Visual Studio 14
VisualStudioVersion = 14.0.23107.0
MinimumVisualStudioVersion = 10.0.40219.1
Project("{FAE04EC0-301F-11D3-BF4B-00C04F79EFBC}") = "MyNetworkLibrary", "MyNetworkLibrary\MyNetworkLibrary.csproj", "{B5D5B281-9327-4219-BAF7-BC3C35F3BAC3}"
EndProject
Project("{FAE04EC0-301F-11D3-BF4B-00C04F79EFBC}") = "GraphicsEngine", "GraphicsEngine\GraphicsEngine.csproj", "{FCA98DE4-4A72-4B5B-8116-F452332D667A}"
EndProject
Project("{FAE04EC0-301F-11D3-BF4B-00C04F79EFBC}") = "Pong", "Pong\Pong.csproj", "{E2A1CEDA-93B0-4EBE-80D9-9F4702617EA8}"
EndProject
Project("{FAE04EC0-301F-11D3-BF4B-00C04F79EFBC}") = "PongServer", "PongServer\PongServer.csproj", "{C1ADE14D-4403-4557-8306-058AA0C0B033}"
EndProject
Project("{FAE04EC0-301F-11D3-BF4B-00C04F79EFBC}") = "PongMessages", "PongMessages\PongMessages.csproj", "{630AAA6E-B7A8-4C0A-BB91-0E2E098FF8E6}"
EndProject
Project("{E24C65DC-7377-472B-9ABA-BC803B73C61A}") = "PongWebsite", "PongWebsite\", "{5DA98FF2-67A9-45C5-9FA5-807F7F3213B6}"
	ProjectSection(WebsiteProperties) = preProject
		TargetFrameworkMoniker = ".NETFramework,Version%3Dv4.5.2"
		ProjectReferences = "{48683f08-f883-44b6-b2ad-59cb2ee73f03}|PongDatabase.dll;"
		Debug.AspNetCompiler.VirtualPath = "/localhost_51796"
		Debug.AspNetCompiler.PhysicalPath = "PongWebsite\"
		Debug.AspNetCompiler.TargetPath = "PrecompiledWeb\localhost_51796\"
		Debug.AspNetCompiler.Updateable = "true"
		Debug.AspNetCompiler.ForceOverwrite = "true"
		Debug.AspNetCompiler.FixedNames = "false"
		Debug.AspNetCompiler.Debug = "True"
		Release.AspNetCompiler.VirtualPath = "/localhost_51796"
		Release.AspNetCompiler.PhysicalPath = "PongWebsite\"
		Release.AspNetCompiler.TargetPath = "PrecompiledWeb\localhost_51796\"
		Release.AspNetCompiler.Updateable = "true"
		Release.AspNetCompiler.ForceOverwrite = "true"
		Release.AspNetCompiler.FixedNames = "false"
		Release.AspNetCompiler.Debug = "False"
		VWDPort = "51796"
		SlnRelativePath = "PongWebsite\"
		DefaultWebSiteLanguage = "Visual C#"
	EndProjectSection
EndProject
Project("{FAE04EC0-301F-11D3-BF4B-00C04F79EFBC}") = "PongDatabase", "PongDatabase\PongDatabase.csproj", "{48683F08-F883-44B6-B2AD-59CB2EE73F03}"
EndProject
Project("{FAE04EC0-301F-11D3-BF4B-00C04F79EFBC}") = "PongDatabase.Tests", "PongDatabase\Tests\PongDatabase.Tests.csproj", "{61D90000-E768-4CB8-A177-877CA9652600}"
EndProject
Global
	GlobalSection(SolutionConfigurationPlatforms) = preSolution
		Debug|Any CPU = Debug|Any CPU
		Release|Any CPU = Release|Any CPU
	EndGlobalSection
	GlobalSection(ProjectConfigurationPlatforms) = postSolution
		{B5D5B281-9327-4219-BAF7-BC3C35F3BAC3}.Debug|Any CPU.ActiveCfg = Debug|Any CPU
		{B5D5B281-9327-4219-BAF7-BC3C35F3BAC3}.Debug|Any CPU.Build.0 = Debug|Any CPU
		{B5D5B281-9327-4219-BAF7-BC3C35F3BAC3}.Release|Any CPU.ActiveCfg = Release|Any CPU
		{B5D5B281-9327-4219-BAF7-BC3C35F3BAC3}.Release|Any CPU.Build.0 = Release|Any CPU
		{FCA98DE4-4A72-4B5B-8116-F452332D667A}.Debug|Any CPU.ActiveCfg = Debug|Any CPU
		{FCA98DE4-4A72-4B5B-8116-F452332D667A}.Debug|Any CPU.Build.0 = Debug|Any CPU
		{FCA98DE4-4A72-4B5B-8116-F452332D667A}.Release|Any CPU.ActiveCfg = Release|Any CPU
		{FCA98DE4-4A72-4B5B-8116-F452332D667A}.Release|Any CPU.Build.0 = Release|Any CPU
		{E2A1CEDA-93B0-4EBE-80D9-9F4702617EA8}.Debug|Any CPU.ActiveCfg = Debug|Any CPU
		{E2A1CEDA-93B0-4EBE-80D9-9F4702617EA8}.Debug|Any CPU.Build.0 = Debug|Any CPU
		{E2A1CEDA-93B0-4EBE-80D9-9F4702617EA8}.Release|Any CPU.ActiveCfg = Release|Any CPU
		{E2A1CEDA-93B0-4EBE-80D9-9F4702617EA8}.Release|Any CPU.Build.0 = Release|Any CPU
		{C1ADE14D-4403-4557-8306-058AA0C0B033}.Debug|Any CPU.ActiveCfg = Debug|Any CPU
		{C1ADE14D-4403-4557-8306-058AA0C0B033}.Debug|Any CPU.Build.0 = Debug|Any CPU
		{C1ADE14D-4403-4557-8306-058AA0C0B033}.Release|Any CPU.ActiveCfg = Release|Any CPU
		{C1ADE14D-4403-4557-8306-058AA0C0B033}.Release|Any CPU.Build.0 = Release|Any CPU
		{630AAA6E-B7A8-4C0A-BB91-0E2E098FF8E6}.Debug|Any CPU.ActiveCfg = Debug|Any CPU
		{630AAA6E-B7A8-4C0A-BB91-0E2E098FF8E6}.Debug|Any CPU.Build.0 = Debug|Any CPU
		{630AAA6E-B7A8-4C0A-BB91-0E2E098FF8E6}.Release|Any CPU.ActiveCfg = Release|Any CPU
		{630AAA6E-B7A8-4C0A-BB91-0E2E098FF8E6}.Release|Any CPU.Build.0 = Release|Any CPU
		{5DA98FF2-67A9-45C5-9FA5-807F7F3213B6}.Debug|Any CPU.ActiveCfg = Debug|Any CPU
		{5DA98FF2-67A9-45C5-9FA5-807F7F3213B6}.Debug|Any CPU.Build.0 = Debug|Any CPU
		{5DA98FF2-67A9-45C5-9FA5-807F7F3213B6}.Release|Any CPU.ActiveCfg = Debug|Any CPU
		{5DA98FF2-67A9-45C5-9FA5-807F7F3213B6}.Release|Any CPU.Build.0 = Debug|Any CPU
		{48683F08-F883-44B6-B2AD-59CB2EE73F03}.Debug|Any CPU.ActiveCfg = Debug|Any CPU
		{48683F08-F883-44B6-B2AD-59CB2EE73F03}.Debug|Any CPU.Build.0 = Debug|Any CPU
		{48683F08-F883-44B6-B2AD-59CB2EE73F03}.Release|Any CPU.ActiveCfg = Release|Any CPU
		{48683F08-F883-44B6-B2AD-59CB2EE73F03}.Release|Any CPU.Build.0 = Release|Any CPU
		{61D90000-E768-4CB8-A177-877CA9652600}.Debug|Any CPU.ActiveCfg = Debug|Any CPU
		{61D90000-E768-4CB8-A177-877CA9652600}.Debug|Any CPU.Build.0 = Debug|Any CPU
		{61D90000-E768-4CB8-A177-877CA9652600}.Release|Any CPU.ActiveCfg = Release|Any CPU
		{61D90000-E768-4CB8-A177-877CA9652600}.Release|Any CPU.Build.0 = Release|Any CPU
	EndGlobalSection
	GlobalSection(SolutionProperties) = preSolution
		HideSolutionNode = FALSE
	EndGlobalSection
EndGlobal
